
Microsoft Visual Studio Solution File, Format Version 12.00
# Visual Studio 15
VisualStudioVersion = 15.0.27428.2037
MinimumVisualStudioVersion = 10.0.40219.1
Project("{9A19103F-16F7-4668-BE54-9A1E7A4F7556}") = "NetCoreApp", "NetCoreApp\NetCoreApp.csproj", "{02CD3065-5A23-400D-A19A-00B9AFEB2030}"
EndProject
Global
	GlobalSection(SolutionConfigurationPlatforms) = preSolution
		Debug|Any CPU = Debug|Any CPU
		Release|Any CPU = Release|Any CPU
	EndGlobalSection
	GlobalSection(ProjectConfigurationPlatforms) = postSolution
		{02CD3065-5A23-400D-A19A-00B9AFEB2030}.Debug|Any CPU.ActiveCfg = Debug|Any CPU
		{02CD3065-5A23-400D-A19A-00B9AFEB2030}.Debug|Any CPU.Build.0 = Debug|Any CPU
		{02CD3065-5A23-400D-A19A-00B9AFEB2030}.Release|Any CPU.ActiveCfg = Release|Any CPU
		{02CD3065-5A23-400D-A19A-00B9AFEB2030}.Release|Any CPU.Build.0 = Release|Any CPU
	EndGlobalSection
	GlobalSection(SolutionProperties) = preSolution
		HideSolutionNode = FALSE
	EndGlobalSection
	GlobalSection(ExtensibilityGlobals) = postSolution
		SolutionGuid = {A9DA72E7-AA41-486D-8A1B-6DE1656CB847}
	EndGlobalSection
EndGlobal
